
Microsoft Visual Studio Solution File, Format Version 12.00
# Visual Studio Version 16
VisualStudioVersion = 16.0.30907.101
MinimumVisualStudioVersion = 10.0.40219.1
Project("{9A19103F-16F7-4668-BE54-9A1E7A4F7556}") = "Assignment", "Assignment.csproj", "{46D4D95E-8ADE-48FD-AA2F-F02C8B90622F}"
EndProject
Project("{E24C65DC-7377-472B-9ABA-BC803B73C61A}") = "ClientApp", "..\ClientApp\", "{ABFC817A-B594-4125-9601-F2A6E90190D1}"
	ProjectSection(WebsiteProperties) = preProject
		TargetFrameworkMoniker = ".NETFramework,Version%3Dv4.0"
		Debug.AspNetCompiler.VirtualPath = "/localhost_18080"
		Debug.AspNetCompiler.PhysicalPath = "..\ClientApp\"
		Debug.AspNetCompiler.TargetPath = "PrecompiledWeb\localhost_18080\"
		Debug.AspNetCompiler.Updateable = "true"
		Debug.AspNetCompiler.ForceOverwrite = "true"
		Debug.AspNetCompiler.FixedNames = "false"
		Debug.AspNetCompiler.Debug = "True"
		Release.AspNetCompiler.VirtualPath = "/localhost_18080"
		Release.AspNetCompiler.PhysicalPath = "..\ClientApp\"
		Release.AspNetCompiler.TargetPath = "PrecompiledWeb\localhost_18080\"
		Release.AspNetCompiler.Updateable = "true"
		Release.AspNetCompiler.ForceOverwrite = "true"
		Release.AspNetCompiler.FixedNames = "false"
		Release.AspNetCompiler.Debug = "False"
		VWDPort = "18080"
		SlnRelativePath = "..\ClientApp\"
	EndProjectSection
EndProject
Project("{FAE04EC0-301F-11D3-BF4B-00C04F79EFBC}") = "Service", "..\Service\Service.csproj", "{B9222A02-B6C7-409D-A2B9-B426EBA2D781}"
EndProject
Project("{FAE04EC0-301F-11D3-BF4B-00C04F79EFBC}") = "ViewModel", "..\ViewModel\ViewModel.csproj", "{8069DD9F-B7ED-481D-84DF-E260EE0111FD}"
EndProject
Global
	GlobalSection(SolutionConfigurationPlatforms) = preSolution
		Debug|Any CPU = Debug|Any CPU
		Release|Any CPU = Release|Any CPU
	EndGlobalSection
	GlobalSection(ProjectConfigurationPlatforms) = postSolution
		{46D4D95E-8ADE-48FD-AA2F-F02C8B90622F}.Debug|Any CPU.ActiveCfg = Debug|Any CPU
		{46D4D95E-8ADE-48FD-AA2F-F02C8B90622F}.Debug|Any CPU.Build.0 = Debug|Any CPU
		{46D4D95E-8ADE-48FD-AA2F-F02C8B90622F}.Release|Any CPU.ActiveCfg = Release|Any CPU
		{46D4D95E-8ADE-48FD-AA2F-F02C8B90622F}.Release|Any CPU.Build.0 = Release|Any CPU
		{ABFC817A-B594-4125-9601-F2A6E90190D1}.Debug|Any CPU.ActiveCfg = Debug|Any CPU
		{ABFC817A-B594-4125-9601-F2A6E90190D1}.Debug|Any CPU.Build.0 = Debug|Any CPU
		{ABFC817A-B594-4125-9601-F2A6E90190D1}.Release|Any CPU.ActiveCfg = Debug|Any CPU
		{ABFC817A-B594-4125-9601-F2A6E90190D1}.Release|Any CPU.Build.0 = Debug|Any CPU
		{B9222A02-B6C7-409D-A2B9-B426EBA2D781}.Debug|Any CPU.ActiveCfg = Debug|Any CPU
		{B9222A02-B6C7-409D-A2B9-B426EBA2D781}.Debug|Any CPU.Build.0 = Debug|Any CPU
		{B9222A02-B6C7-409D-A2B9-B426EBA2D781}.Release|Any CPU.ActiveCfg = Release|Any CPU
		{B9222A02-B6C7-409D-A2B9-B426EBA2D781}.Release|Any CPU.Build.0 = Release|Any CPU
		{8069DD9F-B7ED-481D-84DF-E260EE0111FD}.Debug|Any CPU.ActiveCfg = Debug|Any CPU
		{8069DD9F-B7ED-481D-84DF-E260EE0111FD}.Debug|Any CPU.Build.0 = Debug|Any CPU
		{8069DD9F-B7ED-481D-84DF-E260EE0111FD}.Release|Any CPU.ActiveCfg = Release|Any CPU
		{8069DD9F-B7ED-481D-84DF-E260EE0111FD}.Release|Any CPU.Build.0 = Release|Any CPU
	EndGlobalSection
	GlobalSection(SolutionProperties) = preSolution
		HideSolutionNode = FALSE
	EndGlobalSection
	GlobalSection(ExtensibilityGlobals) = postSolution
		SolutionGuid = {9748204E-F704-46AE-A637-C7EA064844B7}
	EndGlobalSection
EndGlobal
